{
    "name": "aoc2022",
    "lockfileVersion": 2,
    "requires": true,
    "packages": {
        "": {
            "devDependencies": {
                "@types/node": "^18.11.10"
            }
        },
        "node_modules/@types/node": {
            "version": "18.11.10",
            "dev": true,
            "license": "MIT"
        }
    },
    "dependencies": {
        "@types/node": {
            "version": "18.11.10",
            "dev": true
        }
    }
}
